
Microsoft Visual Studio Solution File, Format Version 12.00
# Visual Studio Version 17
VisualStudioVersion = 17.4.33110.190
MinimumVisualStudioVersion = 10.0.40219.1
Project("{9A19103F-16F7-4668-BE54-9A1E7A4F7556}") = "PaymentsTracker.API", "PaymentsTracker.API\PaymentsTracker.API.csproj", "{43789B32-D3B3-4941-B9AC-EC799415518E}"
EndProject
Project("{9A19103F-16F7-4668-BE54-9A1E7A4F7556}") = "PaymentsTracker.Models", "PaymentsTracker.Models\PaymentsTracker.Models.csproj", "{43750699-110F-4B44-A20A-6BFA88EA6254}"
EndProject
Project("{9A19103F-16F7-4668-BE54-9A1E7A4F7556}") = "PaymentsTracker.Common", "PaymentsTracker.Common\PaymentsTracker.Common.csproj", "{5E9F0490-81C4-4E6B-8929-D9B05997A329}"
EndProject
Project("{9A19103F-16F7-4668-BE54-9A1E7A4F7556}") = "PaymentsTracker.Repositories", "PaymentsTracker.Repositories\PaymentsTracker.Repositories.csproj", "{0A79CAC4-A2E9-4AEC-B051-20F60D90E5B3}"
EndProject
Project("{9A19103F-16F7-4668-BE54-9A1E7A4F7556}") = "PaymentsTracker.Services", "PaymentsTracker.Services\PaymentsTracker.Services.csproj", "{20F7C188-0C01-426C-B08E-00B47F699139}"
EndProject
Project("{9A19103F-16F7-4668-BE54-9A1E7A4F7556}") = "PaymentsTracker.Mappers", "PaymentsTracker.Mappers\PaymentsTracker.Mappers.csproj", "{EC1CB9CC-394D-43D3-8859-D9BDFB205464}"
EndProject
Project("{2150E333-8FDC-42A3-9474-1A3956D46DE8}") = "Tests", "Tests", "{4A25FC81-7C9B-40AC-B1A6-EE3894558ED3}"
EndProject
Project("{FAE04EC0-301F-11D3-BF4B-00C04F79EFBC}") = "PaymentsTracker.Tests", "..\..\..\test\PaymentsTracker.Tests\PaymentsTracker.Tests.csproj", "{CB0322E6-9B04-4ECE-B6F4-3081DE1426E0}"
EndProject
Global
	GlobalSection(SolutionConfigurationPlatforms) = preSolution
		Debug|Any CPU = Debug|Any CPU
		Release|Any CPU = Release|Any CPU
	EndGlobalSection
	GlobalSection(ProjectConfigurationPlatforms) = postSolution
		{43789B32-D3B3-4941-B9AC-EC799415518E}.Debug|Any CPU.ActiveCfg = Debug|Any CPU
		{43789B32-D3B3-4941-B9AC-EC799415518E}.Debug|Any CPU.Build.0 = Debug|Any CPU
		{43789B32-D3B3-4941-B9AC-EC799415518E}.Release|Any CPU.ActiveCfg = Release|Any CPU
		{43789B32-D3B3-4941-B9AC-EC799415518E}.Release|Any CPU.Build.0 = Release|Any CPU
		{43750699-110F-4B44-A20A-6BFA88EA6254}.Debug|Any CPU.ActiveCfg = Debug|Any CPU
		{43750699-110F-4B44-A20A-6BFA88EA6254}.Debug|Any CPU.Build.0 = Debug|Any CPU
		{43750699-110F-4B44-A20A-6BFA88EA6254}.Release|Any CPU.ActiveCfg = Release|Any CPU
		{43750699-110F-4B44-A20A-6BFA88EA6254}.Release|Any CPU.Build.0 = Release|Any CPU
		{5E9F0490-81C4-4E6B-8929-D9B05997A329}.Debug|Any CPU.ActiveCfg = Debug|Any CPU
		{5E9F0490-81C4-4E6B-8929-D9B05997A329}.Debug|Any CPU.Build.0 = Debug|Any CPU
		{5E9F0490-81C4-4E6B-8929-D9B05997A329}.Release|Any CPU.ActiveCfg = Release|Any CPU
		{5E9F0490-81C4-4E6B-8929-D9B05997A329}.Release|Any CPU.Build.0 = Release|Any CPU
		{0A79CAC4-A2E9-4AEC-B051-20F60D90E5B3}.Debug|Any CPU.ActiveCfg = Debug|Any CPU
		{0A79CAC4-A2E9-4AEC-B051-20F60D90E5B3}.Debug|Any CPU.Build.0 = Debug|Any CPU
		{0A79CAC4-A2E9-4AEC-B051-20F60D90E5B3}.Release|Any CPU.ActiveCfg = Release|Any CPU
		{0A79CAC4-A2E9-4AEC-B051-20F60D90E5B3}.Release|Any CPU.Build.0 = Release|Any CPU
		{20F7C188-0C01-426C-B08E-00B47F699139}.Debug|Any CPU.ActiveCfg = Debug|Any CPU
		{20F7C188-0C01-426C-B08E-00B47F699139}.Debug|Any CPU.Build.0 = Debug|Any CPU
		{20F7C188-0C01-426C-B08E-00B47F699139}.Release|Any CPU.ActiveCfg = Release|Any CPU
		{20F7C188-0C01-426C-B08E-00B47F699139}.Release|Any CPU.Build.0 = Release|Any CPU
		{EC1CB9CC-394D-43D3-8859-D9BDFB205464}.Debug|Any CPU.ActiveCfg = Debug|Any CPU
		{EC1CB9CC-394D-43D3-8859-D9BDFB205464}.Debug|Any CPU.Build.0 = Debug|Any CPU
		{EC1CB9CC-394D-43D3-8859-D9BDFB205464}.Release|Any CPU.ActiveCfg = Release|Any CPU
		{EC1CB9CC-394D-43D3-8859-D9BDFB205464}.Release|Any CPU.Build.0 = Release|Any CPU
		{CB0322E6-9B04-4ECE-B6F4-3081DE1426E0}.Debug|Any CPU.ActiveCfg = Debug|Any CPU
		{CB0322E6-9B04-4ECE-B6F4-3081DE1426E0}.Debug|Any CPU.Build.0 = Debug|Any CPU
		{CB0322E6-9B04-4ECE-B6F4-3081DE1426E0}.Release|Any CPU.ActiveCfg = Release|Any CPU
		{CB0322E6-9B04-4ECE-B6F4-3081DE1426E0}.Release|Any CPU.Build.0 = Release|Any CPU
	EndGlobalSection
	GlobalSection(SolutionProperties) = preSolution
		HideSolutionNode = FALSE
	EndGlobalSection
	GlobalSection(NestedProjects) = preSolution
		{CB0322E6-9B04-4ECE-B6F4-3081DE1426E0} = {4A25FC81-7C9B-40AC-B1A6-EE3894558ED3}
	EndGlobalSection
	GlobalSection(ExtensibilityGlobals) = postSolution
		SolutionGuid = {C0B81F2A-573F-4E41-8A87-FEB33EFCF8E7}
	EndGlobalSection
EndGlobal
