
Microsoft Visual Studio Solution File, Format Version 12.00
# Visual Studio Version 17
VisualStudioVersion = 17.4.33110.190
MinimumVisualStudioVersion = 10.0.40219.1
Project("{FAE04EC0-301F-11D3-BF4B-00C04F79EFBC}") = "PaymentsTracker.API", "PaymentsTracker.API\PaymentsTracker.API.csproj", "{43789B32-D3B3-4941-B9AC-EC799415518E}"
EndProject
Global
	GlobalSection(SolutionConfigurationPlatforms) = preSolution
		Debug|Any CPU = Debug|Any CPU
		Release|Any CPU = Release|Any CPU
	EndGlobalSection
	GlobalSection(ProjectConfigurationPlatforms) = postSolution
		{43789B32-D3B3-4941-B9AC-EC799415518E}.Debug|Any CPU.ActiveCfg = Debug|Any CPU
		{43789B32-D3B3-4941-B9AC-EC799415518E}.Debug|Any CPU.Build.0 = Debug|Any CPU
		{43789B32-D3B3-4941-B9AC-EC799415518E}.Release|Any CPU.ActiveCfg = Release|Any CPU
		{43789B32-D3B3-4941-B9AC-EC799415518E}.Release|Any CPU.Build.0 = Release|Any CPU
	EndGlobalSection
	GlobalSection(SolutionProperties) = preSolution
		HideSolutionNode = FALSE
	EndGlobalSection
	GlobalSection(ExtensibilityGlobals) = postSolution
		SolutionGuid = {C0B81F2A-573F-4E41-8A87-FEB33EFCF8E7}
	EndGlobalSection
EndGlobal
